
Microsoft Visual Studio Solution File, Format Version 12.00
# Visual Studio Version 17
VisualStudioVersion = 17.8.34309.116
MinimumVisualStudioVersion = 10.0.40219.1
Project("{FAE04EC0-301F-11D3-BF4B-00C04F79EFBC}") = "GA-Julebutikken", "GA-Julebutikken\GA-Julebutikken.csproj", "{A2B026A7-7762-44AF-AA2A-8E3AEFE9C5E5}"
EndProject
Global
	GlobalSection(SolutionConfigurationPlatforms) = preSolution
		Debug|Any CPU = Debug|Any CPU
		Release|Any CPU = Release|Any CPU
	EndGlobalSection
	GlobalSection(ProjectConfigurationPlatforms) = postSolution
		{A2B026A7-7762-44AF-AA2A-8E3AEFE9C5E5}.Debug|Any CPU.ActiveCfg = Debug|Any CPU
		{A2B026A7-7762-44AF-AA2A-8E3AEFE9C5E5}.Debug|Any CPU.Build.0 = Debug|Any CPU
		{A2B026A7-7762-44AF-AA2A-8E3AEFE9C5E5}.Release|Any CPU.ActiveCfg = Release|Any CPU
		{A2B026A7-7762-44AF-AA2A-8E3AEFE9C5E5}.Release|Any CPU.Build.0 = Release|Any CPU
	EndGlobalSection
	GlobalSection(SolutionProperties) = preSolution
		HideSolutionNode = FALSE
	EndGlobalSection
	GlobalSection(ExtensibilityGlobals) = postSolution
		SolutionGuid = {0738A8A7-CD2D-47CE-A291-40AAD2D754EB}
	EndGlobalSection
EndGlobal
